// !$*UTF8*$!
{
	archiveVersion = 1;
	classes = {
	};
	objectVersion = 56;
	objects = {

/* Begin PBXBuildFile section */
		1B930EBC2BD7E284001D31F5 /* kofi_button2.png in Resources */ = {isa = PBXBuildFile; fileRef = 1B930EBB2BD7E284001D31F5 /* kofi_button2.png */; };
		1B930EBD2BD7E284001D31F5 /* kofi_button2.png in Resources */ = {isa = PBXBuildFile; fileRef = 1B930EBB2BD7E284001D31F5 /* kofi_button2.png */; };
		1BA80DE92BD29045005E4F1F /* kofi_button1.png in Resources */ = {isa = PBXBuildFile; fileRef = 1BA80DE82BD29045005E4F1F /* kofi_button1.png */; };
		1BA80DEA2BD29045005E4F1F /* kofi_button1.png in Resources */ = {isa = PBXBuildFile; fileRef = 1BA80DE82BD29045005E4F1F /* kofi_button1.png */; };
		1BAD5C582BD0258700EE69B5 /* AppDelegate.swift in Sources */ = {isa = PBXBuildFile; fileRef = 1BAD5C572BD0258700EE69B5 /* AppDelegate.swift */; };
		1BAD5C5A2BD0258700EE69B5 /* SceneDelegate.swift in Sources */ = {isa = PBXBuildFile; fileRef = 1BAD5C592BD0258700EE69B5 /* SceneDelegate.swift */; };
		1BAD5C5D2BD0258700EE69B5 /* Base in Resources */ = {isa = PBXBuildFile; fileRef = 1BAD5C5C2BD0258700EE69B5 /* Base */; };
		1BAD5C602BD0258700EE69B5 /* Base in Resources */ = {isa = PBXBuildFile; fileRef = 1BAD5C5F2BD0258700EE69B5 /* Base */; };
		1BAD5C692BD0258700EE69B5 /* AppDelegate.swift in Sources */ = {isa = PBXBuildFile; fileRef = 1BAD5C682BD0258700EE69B5 /* AppDelegate.swift */; };
		1BAD5C6C2BD0258700EE69B5 /* Base in Resources */ = {isa = PBXBuildFile; fileRef = 1BAD5C6B2BD0258700EE69B5 /* Base */; };
		1BAD5C732BD0258700EE69B5 /* YTforVision Extension.appex in Embed Foundation Extensions */ = {isa = PBXBuildFile; fileRef = 1BAD5C722BD0258700EE69B5 /* YTforVision Extension.appex */; settings = {ATTRIBUTES = (RemoveHeadersOnCopy, ); }; };
		1BAD5C7D2BD0258700EE69B5 /* YTforVision Extension.appex in Embed Foundation Extensions */ = {isa = PBXBuildFile; fileRef = 1BAD5C7C2BD0258700EE69B5 /* YTforVision Extension.appex */; settings = {ATTRIBUTES = (RemoveHeadersOnCopy, ); }; };
		1BAD5C832BD0258700EE69B5 /* Base in Resources */ = {isa = PBXBuildFile; fileRef = 1BAD5C3F2BD0258600EE69B5 /* Base */; };
		1BAD5C842BD0258700EE69B5 /* Base in Resources */ = {isa = PBXBuildFile; fileRef = 1BAD5C3F2BD0258600EE69B5 /* Base */; };
		1BAD5C852BD0258700EE69B5 /* Icon.png in Resources */ = {isa = PBXBuildFile; fileRef = 1BAD5C402BD0258600EE69B5 /* Icon.png */; };
		1BAD5C862BD0258700EE69B5 /* Icon.png in Resources */ = {isa = PBXBuildFile; fileRef = 1BAD5C402BD0258600EE69B5 /* Icon.png */; };
		1BAD5C872BD0258700EE69B5 /* Style.css in Resources */ = {isa = PBXBuildFile; fileRef = 1BAD5C412BD0258600EE69B5 /* Style.css */; };
		1BAD5C882BD0258700EE69B5 /* Style.css in Resources */ = {isa = PBXBuildFile; fileRef = 1BAD5C412BD0258600EE69B5 /* Style.css */; };
		1BAD5C892BD0258700EE69B5 /* Script.js in Resources */ = {isa = PBXBuildFile; fileRef = 1BAD5C422BD0258600EE69B5 /* Script.js */; };
		1BAD5C8A2BD0258700EE69B5 /* Script.js in Resources */ = {isa = PBXBuildFile; fileRef = 1BAD5C422BD0258600EE69B5 /* Script.js */; };
		1BAD5C8B2BD0258700EE69B5 /* ViewController.swift in Sources */ = {isa = PBXBuildFile; fileRef = 1BAD5C432BD0258600EE69B5 /* ViewController.swift */; };
		1BAD5C8C2BD0258700EE69B5 /* ViewController.swift in Sources */ = {isa = PBXBuildFile; fileRef = 1BAD5C432BD0258600EE69B5 /* ViewController.swift */; };
		1BAD5C8D2BD0258700EE69B5 /* Assets.xcassets in Resources */ = {isa = PBXBuildFile; fileRef = 1BAD5C442BD0258700EE69B5 /* Assets.xcassets */; };
		1BAD5C8E2BD0258700EE69B5 /* Assets.xcassets in Resources */ = {isa = PBXBuildFile; fileRef = 1BAD5C442BD0258700EE69B5 /* Assets.xcassets */; };
		1BAD5C8F2BD0258700EE69B5 /* SafariWebExtensionHandler.swift in Sources */ = {isa = PBXBuildFile; fileRef = 1BAD5C462BD0258700EE69B5 /* SafariWebExtensionHandler.swift */; };
		1BAD5C902BD0258700EE69B5 /* SafariWebExtensionHandler.swift in Sources */ = {isa = PBXBuildFile; fileRef = 1BAD5C462BD0258700EE69B5 /* SafariWebExtensionHandler.swift */; };
		1BAD5C912BD0258700EE69B5 /* _locales in Resources */ = {isa = PBXBuildFile; fileRef = 1BAD5C482BD0258700EE69B5 /* _locales */; };
		1BAD5C922BD0258700EE69B5 /* _locales in Resources */ = {isa = PBXBuildFile; fileRef = 1BAD5C482BD0258700EE69B5 /* _locales */; };
		1BAD5C932BD0258700EE69B5 /* images in Resources */ = {isa = PBXBuildFile; fileRef = 1BAD5C492BD0258700EE69B5 /* images */; };
		1BAD5C942BD0258700EE69B5 /* images in Resources */ = {isa = PBXBuildFile; fileRef = 1BAD5C492BD0258700EE69B5 /* images */; };
		1BAD5C952BD0258700EE69B5 /* manifest.json in Resources */ = {isa = PBXBuildFile; fileRef = 1BAD5C4A2BD0258700EE69B5 /* manifest.json */; };
		1BAD5C962BD0258700EE69B5 /* manifest.json in Resources */ = {isa = PBXBuildFile; fileRef = 1BAD5C4A2BD0258700EE69B5 /* manifest.json */; };
		1BAD5C972BD0258700EE69B5 /* background.js in Resources */ = {isa = PBXBuildFile; fileRef = 1BAD5C4B2BD0258700EE69B5 /* background.js */; };
		1BAD5C982BD0258700EE69B5 /* background.js in Resources */ = {isa = PBXBuildFile; fileRef = 1BAD5C4B2BD0258700EE69B5 /* background.js */; };
		1BAD5C992BD0258700EE69B5 /* content.js in Resources */ = {isa = PBXBuildFile; fileRef = 1BAD5C4C2BD0258700EE69B5 /* content.js */; };
		1BAD5C9A2BD0258700EE69B5 /* content.js in Resources */ = {isa = PBXBuildFile; fileRef = 1BAD5C4C2BD0258700EE69B5 /* content.js */; };
		1BAD5C9B2BD0258700EE69B5 /* popup.html in Resources */ = {isa = PBXBuildFile; fileRef = 1BAD5C4D2BD0258700EE69B5 /* popup.html */; };
		1BAD5C9C2BD0258700EE69B5 /* popup.html in Resources */ = {isa = PBXBuildFile; fileRef = 1BAD5C4D2BD0258700EE69B5 /* popup.html */; };
		1BAD5C9D2BD0258700EE69B5 /* popup.css in Resources */ = {isa = PBXBuildFile; fileRef = 1BAD5C4E2BD0258700EE69B5 /* popup.css */; };
		1BAD5C9E2BD0258700EE69B5 /* popup.css in Resources */ = {isa = PBXBuildFile; fileRef = 1BAD5C4E2BD0258700EE69B5 /* popup.css */; };
		1BAD5C9F2BD0258700EE69B5 /* popup.js in Resources */ = {isa = PBXBuildFile; fileRef = 1BAD5C4F2BD0258700EE69B5 /* popup.js */; };
		1BAD5CA02BD0258700EE69B5 /* popup.js in Resources */ = {isa = PBXBuildFile; fileRef = 1BAD5C4F2BD0258700EE69B5 /* popup.js */; };
		1BAD5CBD2BD02C0500EE69B5 /* Icon2.png in Resources */ = {isa = PBXBuildFile; fileRef = 1BAD5CBC2BD02C0500EE69B5 /* Icon2.png */; };
		1BAD5CBE2BD02C0500EE69B5 /* Icon2.png in Resources */ = {isa = PBXBuildFile; fileRef = 1BAD5CBC2BD02C0500EE69B5 /* Icon2.png */; };
/* End PBXBuildFile section */

/* Begin PBXContainerItemProxy section */
		1BAD5C742BD0258700EE69B5 /* PBXContainerItemProxy */ = {
			isa = PBXContainerItemProxy;
			containerPortal = 1BAD5C382BD0258500EE69B5 /* Project object */;
			proxyType = 1;
			remoteGlobalIDString = 1BAD5C712BD0258700EE69B5;
			remoteInfo = "YTforVision Extension (iOS)";
		};
		1BAD5C7E2BD0258700EE69B5 /* PBXContainerItemProxy */ = {
			isa = PBXContainerItemProxy;
			containerPortal = 1BAD5C382BD0258500EE69B5 /* Project object */;
			proxyType = 1;
			remoteGlobalIDString = 1BAD5C7B2BD0258700EE69B5;
			remoteInfo = "YTforVision Extension (macOS)";
		};
/* End PBXContainerItemProxy section */

/* Begin PBXCopyFilesBuildPhase section */
		1BAD5CA62BD0258700EE69B5 /* Embed Foundation Extensions */ = {
			isa = PBXCopyFilesBuildPhase;
			buildActionMask = 2147483647;
			dstPath = "";
			dstSubfolderSpec = 13;
			files = (
				1BAD5C732BD0258700EE69B5 /* YTforVision Extension.appex in Embed Foundation Extensions */,
			);
			name = "Embed Foundation Extensions";
			runOnlyForDeploymentPostprocessing = 0;
		};
		1BAD5CAD2BD0258700EE69B5 /* Embed Foundation Extensions */ = {
			isa = PBXCopyFilesBuildPhase;
			buildActionMask = 2147483647;
			dstPath = "";
			dstSubfolderSpec = 13;
			files = (
				1BAD5C7D2BD0258700EE69B5 /* YTforVision Extension.appex in Embed Foundation Extensions */,
			);
			name = "Embed Foundation Extensions";
			runOnlyForDeploymentPostprocessing = 0;
		};
/* End PBXCopyFilesBuildPhase section */

/* Begin PBXFileReference section */
		1B930EBB2BD7E284001D31F5 /* kofi_button2.png */ = {isa = PBXFileReference; lastKnownFileType = image.png; path = kofi_button2.png; sourceTree = "<group>"; };
		1BA80DE82BD29045005E4F1F /* kofi_button1.png */ = {isa = PBXFileReference; lastKnownFileType = image.png; path = kofi_button1.png; sourceTree = "<group>"; };
		1BAD5C3F2BD0258600EE69B5 /* Base */ = {isa = PBXFileReference; lastKnownFileType = text.html; name = Base; path = ../Base.lproj/Main.html; sourceTree = "<group>"; };
		1BAD5C402BD0258600EE69B5 /* Icon.png */ = {isa = PBXFileReference; lastKnownFileType = image.png; path = Icon.png; sourceTree = "<group>"; };
		1BAD5C412BD0258600EE69B5 /* Style.css */ = {isa = PBXFileReference; lastKnownFileType = text.css; path = Style.css; sourceTree = "<group>"; };
		1BAD5C422BD0258600EE69B5 /* Script.js */ = {isa = PBXFileReference; lastKnownFileType = sourcecode.javascript; path = Script.js; sourceTree = "<group>"; };
		1BAD5C432BD0258600EE69B5 /* ViewController.swift */ = {isa = PBXFileReference; lastKnownFileType = sourcecode.swift; path = ViewController.swift; sourceTree = "<group>"; };
		1BAD5C442BD0258700EE69B5 /* Assets.xcassets */ = {isa = PBXFileReference; lastKnownFileType = folder.assetcatalog; path = Assets.xcassets; sourceTree = "<group>"; };
		1BAD5C462BD0258700EE69B5 /* SafariWebExtensionHandler.swift */ = {isa = PBXFileReference; lastKnownFileType = sourcecode.swift; path = SafariWebExtensionHandler.swift; sourceTree = "<group>"; };
		1BAD5C482BD0258700EE69B5 /* _locales */ = {isa = PBXFileReference; lastKnownFileType = folder; path = _locales; sourceTree = "<group>"; };
		1BAD5C492BD0258700EE69B5 /* images */ = {isa = PBXFileReference; lastKnownFileType = folder; path = images; sourceTree = "<group>"; };
		1BAD5C4A2BD0258700EE69B5 /* manifest.json */ = {isa = PBXFileReference; lastKnownFileType = text.json; path = manifest.json; sourceTree = "<group>"; };
		1BAD5C4B2BD0258700EE69B5 /* background.js */ = {isa = PBXFileReference; lastKnownFileType = sourcecode.javascript; path = background.js; sourceTree = "<group>"; };
		1BAD5C4C2BD0258700EE69B5 /* content.js */ = {isa = PBXFileReference; lastKnownFileType = sourcecode.javascript; path = content.js; sourceTree = "<group>"; };
		1BAD5C4D2BD0258700EE69B5 /* popup.html */ = {isa = PBXFileReference; lastKnownFileType = text.html; path = popup.html; sourceTree = "<group>"; };
		1BAD5C4E2BD0258700EE69B5 /* popup.css */ = {isa = PBXFileReference; lastKnownFileType = text.css; path = popup.css; sourceTree = "<group>"; };
		1BAD5C4F2BD0258700EE69B5 /* popup.js */ = {isa = PBXFileReference; lastKnownFileType = sourcecode.javascript; path = popup.js; sourceTree = "<group>"; };
		1BAD5C542BD0258700EE69B5 /* YTforVision.app */ = {isa = PBXFileReference; explicitFileType = wrapper.application; includeInIndex = 0; path = YTforVision.app; sourceTree = BUILT_PRODUCTS_DIR; };
		1BAD5C572BD0258700EE69B5 /* AppDelegate.swift */ = {isa = PBXFileReference; lastKnownFileType = sourcecode.swift; path = AppDelegate.swift; sourceTree = "<group>"; };
		1BAD5C592BD0258700EE69B5 /* SceneDelegate.swift */ = {isa = PBXFileReference; lastKnownFileType = sourcecode.swift; path = SceneDelegate.swift; sourceTree = "<group>"; };
		1BAD5C5C2BD0258700EE69B5 /* Base */ = {isa = PBXFileReference; lastKnownFileType = file.storyboard; name = Base; path = Base.lproj/LaunchScreen.storyboard; sourceTree = "<group>"; };
		1BAD5C5F2BD0258700EE69B5 /* Base */ = {isa = PBXFileReference; lastKnownFileType = file.storyboard; name = Base; path = Base.lproj/Main.storyboard; sourceTree = "<group>"; };
		1BAD5C612BD0258700EE69B5 /* Info.plist */ = {isa = PBXFileReference; lastKnownFileType = text.plist.xml; path = Info.plist; sourceTree = "<group>"; };
		1BAD5C662BD0258700EE69B5 /* YTforVision.app */ = {isa = PBXFileReference; explicitFileType = wrapper.application; includeInIndex = 0; path = YTforVision.app; sourceTree = BUILT_PRODUCTS_DIR; };
		1BAD5C682BD0258700EE69B5 /* AppDelegate.swift */ = {isa = PBXFileReference; lastKnownFileType = sourcecode.swift; path = AppDelegate.swift; sourceTree = "<group>"; };
		1BAD5C6B2BD0258700EE69B5 /* Base */ = {isa = PBXFileReference; lastKnownFileType = file.storyboard; name = Base; path = Base.lproj/Main.storyboard; sourceTree = "<group>"; };
		1BAD5C6D2BD0258700EE69B5 /* YTforVision.entitlements */ = {isa = PBXFileReference; lastKnownFileType = text.plist.entitlements; path = YTforVision.entitlements; sourceTree = "<group>"; };
		1BAD5C722BD0258700EE69B5 /* YTforVision Extension.appex */ = {isa = PBXFileReference; explicitFileType = "wrapper.app-extension"; includeInIndex = 0; path = "YTforVision Extension.appex"; sourceTree = BUILT_PRODUCTS_DIR; };
		1BAD5C772BD0258700EE69B5 /* Info.plist */ = {isa = PBXFileReference; lastKnownFileType = text.plist.xml; path = Info.plist; sourceTree = "<group>"; };
		1BAD5C7C2BD0258700EE69B5 /* YTforVision Extension.appex */ = {isa = PBXFileReference; explicitFileType = "wrapper.app-extension"; includeInIndex = 0; path = "YTforVision Extension.appex"; sourceTree = BUILT_PRODUCTS_DIR; };
		1BAD5C812BD0258700EE69B5 /* Info.plist */ = {isa = PBXFileReference; lastKnownFileType = text.plist.xml; path = Info.plist; sourceTree = "<group>"; };
		1BAD5C822BD0258700EE69B5 /* YTforVision.entitlements */ = {isa = PBXFileReference; lastKnownFileType = text.plist.entitlements; path = YTforVision.entitlements; sourceTree = "<group>"; };
		1BAD5CBC2BD02C0500EE69B5 /* Icon2.png */ = {isa = PBXFileReference; lastKnownFileType = image.png; path = Icon2.png; sourceTree = "<group>"; };
/* End PBXFileReference section */

/* Begin PBXFrameworksBuildPhase section */
		1BAD5C512BD0258700EE69B5 /* Frameworks */ = {
			isa = PBXFrameworksBuildPhase;
			buildActionMask = 2147483647;
			files = (
			);
			runOnlyForDeploymentPostprocessing = 0;
		};
		1BAD5C632BD0258700EE69B5 /* Frameworks */ = {
			isa = PBXFrameworksBuildPhase;
			buildActionMask = 2147483647;
			files = (
			);
			runOnlyForDeploymentPostprocessing = 0;
		};
		1BAD5C6F2BD0258700EE69B5 /* Frameworks */ = {
			isa = PBXFrameworksBuildPhase;
			buildActionMask = 2147483647;
			files = (
			);
			runOnlyForDeploymentPostprocessing = 0;
		};
		1BAD5C792BD0258700EE69B5 /* Frameworks */ = {
			isa = PBXFrameworksBuildPhase;
			buildActionMask = 2147483647;
			files = (
			);
			runOnlyForDeploymentPostprocessing = 0;
		};
/* End PBXFrameworksBuildPhase section */

/* Begin PBXGroup section */
		1BAD5C372BD0258500EE69B5 = {
			isa = PBXGroup;
			children = (
				1BAD5C3C2BD0258600EE69B5 /* Shared (App) */,
				1BAD5C452BD0258700EE69B5 /* Shared (Extension) */,
				1BAD5C562BD0258700EE69B5 /* iOS (App) */,
				1BAD5C672BD0258700EE69B5 /* macOS (App) */,
				1BAD5C762BD0258700EE69B5 /* iOS (Extension) */,
				1BAD5C802BD0258700EE69B5 /* macOS (Extension) */,
				1BAD5C552BD0258700EE69B5 /* Products */,
			);
			sourceTree = "<group>";
		};
		1BAD5C3C2BD0258600EE69B5 /* Shared (App) */ = {
			isa = PBXGroup;
			children = (
				1BAD5C432BD0258600EE69B5 /* ViewController.swift */,
				1BAD5C442BD0258700EE69B5 /* Assets.xcassets */,
				1BAD5C3D2BD0258600EE69B5 /* Resources */,
			);
			path = "Shared (App)";
			sourceTree = "<group>";
		};
		1BAD5C3D2BD0258600EE69B5 /* Resources */ = {
			isa = PBXGroup;
			children = (
				1BAD5C3E2BD0258600EE69B5 /* Main.html */,
				1BAD5C402BD0258600EE69B5 /* Icon.png */,
				1BAD5CBC2BD02C0500EE69B5 /* Icon2.png */,
				1BA80DE82BD29045005E4F1F /* kofi_button1.png */,
				1B930EBB2BD7E284001D31F5 /* kofi_button2.png */,
				1BAD5C412BD0258600EE69B5 /* Style.css */,
				1BAD5C422BD0258600EE69B5 /* Script.js */,
			);
			path = Resources;
			sourceTree = "<group>";
		};
		1BAD5C452BD0258700EE69B5 /* Shared (Extension) */ = {
			isa = PBXGroup;
			children = (
				1BAD5C462BD0258700EE69B5 /* SafariWebExtensionHandler.swift */,
				1BAD5C472BD0258700EE69B5 /* Resources */,
			);
			path = "Shared (Extension)";
			sourceTree = "<group>";
		};
		1BAD5C472BD0258700EE69B5 /* Resources */ = {
			isa = PBXGroup;
			children = (
				1BAD5C482BD0258700EE69B5 /* _locales */,
				1BAD5C492BD0258700EE69B5 /* images */,
				1BAD5C4A2BD0258700EE69B5 /* manifest.json */,
				1BAD5C4B2BD0258700EE69B5 /* background.js */,
				1BAD5C4C2BD0258700EE69B5 /* content.js */,
				1BAD5C4D2BD0258700EE69B5 /* popup.html */,
				1BAD5C4E2BD0258700EE69B5 /* popup.css */,
				1BAD5C4F2BD0258700EE69B5 /* popup.js */,
			);
			path = Resources;
			sourceTree = "<group>";
		};
		1BAD5C552BD0258700EE69B5 /* Products */ = {
			isa = PBXGroup;
			children = (
				1BAD5C542BD0258700EE69B5 /* YTforVision.app */,
				1BAD5C662BD0258700EE69B5 /* YTforVision.app */,
				1BAD5C722BD0258700EE69B5 /* YTforVision Extension.appex */,
				1BAD5C7C2BD0258700EE69B5 /* YTforVision Extension.appex */,
			);
			name = Products;
			sourceTree = "<group>";
		};
		1BAD5C562BD0258700EE69B5 /* iOS (App) */ = {
			isa = PBXGroup;
			children = (
				1BAD5C572BD0258700EE69B5 /* AppDelegate.swift */,
				1BAD5C592BD0258700EE69B5 /* SceneDelegate.swift */,
				1BAD5C5B2BD0258700EE69B5 /* LaunchScreen.storyboard */,
				1BAD5C5E2BD0258700EE69B5 /* Main.storyboard */,
				1BAD5C612BD0258700EE69B5 /* Info.plist */,
			);
			path = "iOS (App)";
			sourceTree = "<group>";
		};
		1BAD5C672BD0258700EE69B5 /* macOS (App) */ = {
			isa = PBXGroup;
			children = (
				1BAD5C682BD0258700EE69B5 /* AppDelegate.swift */,
				1BAD5C6A2BD0258700EE69B5 /* Main.storyboard */,
				1BAD5C6D2BD0258700EE69B5 /* YTforVision.entitlements */,
			);
			path = "macOS (App)";
			sourceTree = "<group>";
		};
		1BAD5C762BD0258700EE69B5 /* iOS (Extension) */ = {
			isa = PBXGroup;
			children = (
				1BAD5C772BD0258700EE69B5 /* Info.plist */,
			);
			path = "iOS (Extension)";
			sourceTree = "<group>";
		};
		1BAD5C802BD0258700EE69B5 /* macOS (Extension) */ = {
			isa = PBXGroup;
			children = (
				1BAD5C812BD0258700EE69B5 /* Info.plist */,
				1BAD5C822BD0258700EE69B5 /* YTforVision.entitlements */,
			);
			path = "macOS (Extension)";
			sourceTree = "<group>";
		};
/* End PBXGroup section */

/* Begin PBXNativeTarget section */
		1BAD5C532BD0258700EE69B5 /* YTforVision (iOS) */ = {
			isa = PBXNativeTarget;
			buildConfigurationList = 1BAD5CA72BD0258700EE69B5 /* Build configuration list for PBXNativeTarget "YTforVision (iOS)" */;
			buildPhases = (
				1BAD5C502BD0258700EE69B5 /* Sources */,
				1BAD5C512BD0258700EE69B5 /* Frameworks */,
				1BAD5C522BD0258700EE69B5 /* Resources */,
				1BAD5CA62BD0258700EE69B5 /* Embed Foundation Extensions */,
			);
			buildRules = (
			);
			dependencies = (
				1BAD5C752BD0258700EE69B5 /* PBXTargetDependency */,
			);
			name = "YTforVision (iOS)";
			productName = "YTforVision (iOS)";
			productReference = 1BAD5C542BD0258700EE69B5 /* YTforVision.app */;
			productType = "com.apple.product-type.application";
		};
		1BAD5C652BD0258700EE69B5 /* YTforVision (macOS) */ = {
			isa = PBXNativeTarget;
			buildConfigurationList = 1BAD5CAE2BD0258700EE69B5 /* Build configuration list for PBXNativeTarget "YTforVision (macOS)" */;
			buildPhases = (
				1BAD5C622BD0258700EE69B5 /* Sources */,
				1BAD5C632BD0258700EE69B5 /* Frameworks */,
				1BAD5C642BD0258700EE69B5 /* Resources */,
				1BAD5CAD2BD0258700EE69B5 /* Embed Foundation Extensions */,
			);
			buildRules = (
			);
			dependencies = (
				1BAD5C7F2BD0258700EE69B5 /* PBXTargetDependency */,
			);
			name = "YTforVision (macOS)";
			productName = "YTforVision (macOS)";
			productReference = 1BAD5C662BD0258700EE69B5 /* YTforVision.app */;
			productType = "com.apple.product-type.application";
		};
		1BAD5C712BD0258700EE69B5 /* YTforVision Extension (iOS) */ = {
			isa = PBXNativeTarget;
			buildConfigurationList = 1BAD5CA32BD0258700EE69B5 /* Build configuration list for PBXNativeTarget "YTforVision Extension (iOS)" */;
			buildPhases = (
				1BAD5C6E2BD0258700EE69B5 /* Sources */,
				1BAD5C6F2BD0258700EE69B5 /* Frameworks */,
				1BAD5C702BD0258700EE69B5 /* Resources */,
			);
			buildRules = (
			);
			dependencies = (
			);
			name = "YTforVision Extension (iOS)";
			productName = "YTforVision Extension (iOS)";
			productReference = 1BAD5C722BD0258700EE69B5 /* YTforVision Extension.appex */;
			productType = "com.apple.product-type.app-extension";
		};
		1BAD5C7B2BD0258700EE69B5 /* YTforVision Extension (macOS) */ = {
			isa = PBXNativeTarget;
			buildConfigurationList = 1BAD5CAA2BD0258700EE69B5 /* Build configuration list for PBXNativeTarget "YTforVision Extension (macOS)" */;
			buildPhases = (
				1BAD5C782BD0258700EE69B5 /* Sources */,
				1BAD5C792BD0258700EE69B5 /* Frameworks */,
				1BAD5C7A2BD0258700EE69B5 /* Resources */,
			);
			buildRules = (
			);
			dependencies = (
			);
			name = "YTforVision Extension (macOS)";
			productName = "YTforVision Extension (macOS)";
			productReference = 1BAD5C7C2BD0258700EE69B5 /* YTforVision Extension.appex */;
			productType = "com.apple.product-type.app-extension";
		};
/* End PBXNativeTarget section */

/* Begin PBXProject section */
		1BAD5C382BD0258500EE69B5 /* Project object */ = {
			isa = PBXProject;
			attributes = {
				BuildIndependentTargetsInParallel = 1;
				LastSwiftUpdateCheck = 1530;
				LastUpgradeCheck = 1530;
				TargetAttributes = {
					1BAD5C532BD0258700EE69B5 = {
						CreatedOnToolsVersion = 15.3;
					};
					1BAD5C652BD0258700EE69B5 = {
						CreatedOnToolsVersion = 15.3;
					};
					1BAD5C712BD0258700EE69B5 = {
						CreatedOnToolsVersion = 15.3;
					};
					1BAD5C7B2BD0258700EE69B5 = {
						CreatedOnToolsVersion = 15.3;
					};
				};
			};
			buildConfigurationList = 1BAD5C3B2BD0258500EE69B5 /* Build configuration list for PBXProject "YTforVision" */;
			compatibilityVersion = "Xcode 14.0";
			developmentRegion = en;
			hasScannedForEncodings = 0;
			knownRegions = (
				en,
				Base,
			);
			mainGroup = 1BAD5C372BD0258500EE69B5;
			productRefGroup = 1BAD5C552BD0258700EE69B5 /* Products */;
			projectDirPath = "";
			projectRoot = "";
			targets = (
				1BAD5C532BD0258700EE69B5 /* YTforVision (iOS) */,
				1BAD5C652BD0258700EE69B5 /* YTforVision (macOS) */,
				1BAD5C712BD0258700EE69B5 /* YTforVision Extension (iOS) */,
				1BAD5C7B2BD0258700EE69B5 /* YTforVision Extension (macOS) */,
			);
		};
/* End PBXProject section */

/* Begin PBXResourcesBuildPhase section */
		1BAD5C522BD0258700EE69B5 /* Resources */ = {
			isa = PBXResourcesBuildPhase;
			buildActionMask = 2147483647;
			files = (
				1BAD5C852BD0258700EE69B5 /* Icon.png in Resources */,
				1BAD5C5D2BD0258700EE69B5 /* Base in Resources */,
				1BA80DE92BD29045005E4F1F /* kofi_button1.png in Resources */,
				1BAD5C832BD0258700EE69B5 /* Base in Resources */,
				1BAD5C892BD0258700EE69B5 /* Script.js in Resources */,
				1BAD5C8D2BD0258700EE69B5 /* Assets.xcassets in Resources */,
				1BAD5C602BD0258700EE69B5 /* Base in Resources */,
				1B930EBC2BD7E284001D31F5 /* kofi_button2.png in Resources */,
				1BAD5C872BD0258700EE69B5 /* Style.css in Resources */,
				1BAD5CBD2BD02C0500EE69B5 /* Icon2.png in Resources */,
			);
			runOnlyForDeploymentPostprocessing = 0;
		};
		1BAD5C642BD0258700EE69B5 /* Resources */ = {
			isa = PBXResourcesBuildPhase;
			buildActionMask = 2147483647;
			files = (
				1BAD5C862BD0258700EE69B5 /* Icon.png in Resources */,
				1BAD5CBE2BD02C0500EE69B5 /* Icon2.png in Resources */,
				1BAD5C882BD0258700EE69B5 /* Style.css in Resources */,
				1BAD5C6C2BD0258700EE69B5 /* Base in Resources */,
				1BA80DEA2BD29045005E4F1F /* kofi_button1.png in Resources */,
				1B930EBD2BD7E284001D31F5 /* kofi_button2.png in Resources */,
				1BAD5C8A2BD0258700EE69B5 /* Script.js in Resources */,
				1BAD5C8E2BD0258700EE69B5 /* Assets.xcassets in Resources */,
				1BAD5C842BD0258700EE69B5 /* Base in Resources */,
			);
			runOnlyForDeploymentPostprocessing = 0;
		};
		1BAD5C702BD0258700EE69B5 /* Resources */ = {
			isa = PBXResourcesBuildPhase;
			buildActionMask = 2147483647;
			files = (
				1BAD5C972BD0258700EE69B5 /* background.js in Resources */,
				1BAD5C9D2BD0258700EE69B5 /* popup.css in Resources */,
				1BAD5C9B2BD0258700EE69B5 /* popup.html in Resources */,
				1BAD5C932BD0258700EE69B5 /* images in Resources */,
				1BAD5C952BD0258700EE69B5 /* manifest.json in Resources */,
				1BAD5C912BD0258700EE69B5 /* _locales in Resources */,
				1BAD5C992BD0258700EE69B5 /* content.js in Resources */,
				1BAD5C9F2BD0258700EE69B5 /* popup.js in Resources */,
			);
			runOnlyForDeploymentPostprocessing = 0;
		};
		1BAD5C7A2BD0258700EE69B5 /* Resources */ = {
			isa = PBXResourcesBuildPhase;
			buildActionMask = 2147483647;
			files = (
				1BAD5C982BD0258700EE69B5 /* background.js in Resources */,
				1BAD5C9E2BD0258700EE69B5 /* popup.css in Resources */,
				1BAD5C9C2BD0258700EE69B5 /* popup.html in Resources */,
				1BAD5C942BD0258700EE69B5 /* images in Resources */,
				1BAD5C962BD0258700EE69B5 /* manifest.json in Resources */,
				1BAD5C922BD0258700EE69B5 /* _locales in Resources */,
				1BAD5C9A2BD0258700EE69B5 /* content.js in Resources */,
				1BAD5CA02BD0258700EE69B5 /* popup.js in Resources */,
			);
			runOnlyForDeploymentPostprocessing = 0;
		};
/* End PBXResourcesBuildPhase section */

/* Begin PBXSourcesBuildPhase section */
		1BAD5C502BD0258700EE69B5 /* Sources */ = {
			isa = PBXSourcesBuildPhase;
			buildActionMask = 2147483647;
			files = (
				1BAD5C8B2BD0258700EE69B5 /* ViewController.swift in Sources */,
				1BAD5C582BD0258700EE69B5 /* AppDelegate.swift in Sources */,
				1BAD5C5A2BD0258700EE69B5 /* SceneDelegate.swift in Sources */,
			);
			runOnlyForDeploymentPostprocessing = 0;
		};
		1BAD5C622BD0258700EE69B5 /* Sources */ = {
			isa = PBXSourcesBuildPhase;
			buildActionMask = 2147483647;
			files = (
				1BAD5C8C2BD0258700EE69B5 /* ViewController.swift in Sources */,
				1BAD5C692BD0258700EE69B5 /* AppDelegate.swift in Sources */,
			);
			runOnlyForDeploymentPostprocessing = 0;
		};
		1BAD5C6E2BD0258700EE69B5 /* Sources */ = {
			isa = PBXSourcesBuildPhase;
			buildActionMask = 2147483647;
			files = (
				1BAD5C8F2BD0258700EE69B5 /* SafariWebExtensionHandler.swift in Sources */,
			);
			runOnlyForDeploymentPostprocessing = 0;
		};
		1BAD5C782BD0258700EE69B5 /* Sources */ = {
			isa = PBXSourcesBuildPhase;
			buildActionMask = 2147483647;
			files = (
				1BAD5C902BD0258700EE69B5 /* SafariWebExtensionHandler.swift in Sources */,
			);
			runOnlyForDeploymentPostprocessing = 0;
		};
/* End PBXSourcesBuildPhase section */

/* Begin PBXTargetDependency section */
		1BAD5C752BD0258700EE69B5 /* PBXTargetDependency */ = {
			isa = PBXTargetDependency;
			target = 1BAD5C712BD0258700EE69B5 /* YTforVision Extension (iOS) */;
			targetProxy = 1BAD5C742BD0258700EE69B5 /* PBXContainerItemProxy */;
		};
		1BAD5C7F2BD0258700EE69B5 /* PBXTargetDependency */ = {
			isa = PBXTargetDependency;
			target = 1BAD5C7B2BD0258700EE69B5 /* YTforVision Extension (macOS) */;
			targetProxy = 1BAD5C7E2BD0258700EE69B5 /* PBXContainerItemProxy */;
		};
/* End PBXTargetDependency section */

/* Begin PBXVariantGroup section */
		1BAD5C3E2BD0258600EE69B5 /* Main.html */ = {
			isa = PBXVariantGroup;
			children = (
				1BAD5C3F2BD0258600EE69B5 /* Base */,
			);
			name = Main.html;
			sourceTree = "<group>";
		};
		1BAD5C5B2BD0258700EE69B5 /* LaunchScreen.storyboard */ = {
			isa = PBXVariantGroup;
			children = (
				1BAD5C5C2BD0258700EE69B5 /* Base */,
			);
			name = LaunchScreen.storyboard;
			sourceTree = "<group>";
		};
		1BAD5C5E2BD0258700EE69B5 /* Main.storyboard */ = {
			isa = PBXVariantGroup;
			children = (
				1BAD5C5F2BD0258700EE69B5 /* Base */,
			);
			name = Main.storyboard;
			sourceTree = "<group>";
		};
		1BAD5C6A2BD0258700EE69B5 /* Main.storyboard */ = {
			isa = PBXVariantGroup;
			children = (
				1BAD5C6B2BD0258700EE69B5 /* Base */,
			);
			name = Main.storyboard;
			sourceTree = "<group>";
		};
/* End PBXVariantGroup section */

/* Begin XCBuildConfiguration section */
		1BAD5CA12BD0258700EE69B5 /* Debug */ = {
			isa = XCBuildConfiguration;
			buildSettings = {
				ALWAYS_SEARCH_USER_PATHS = NO;
				ASSETCATALOG_COMPILER_GENERATE_SWIFT_ASSET_SYMBOL_EXTENSIONS = YES;
				CLANG_ANALYZER_NONNULL = YES;
				CLANG_ANALYZER_NUMBER_OBJECT_CONVERSION = YES_AGGRESSIVE;
				CLANG_CXX_LANGUAGE_STANDARD = "gnu++20";
				CLANG_ENABLE_MODULES = YES;
				CLANG_ENABLE_OBJC_ARC = YES;
				CLANG_ENABLE_OBJC_WEAK = YES;
				CLANG_WARN_BLOCK_CAPTURE_AUTORELEASING = YES;
				CLANG_WARN_BOOL_CONVERSION = YES;
				CLANG_WARN_COMMA = YES;
				CLANG_WARN_CONSTANT_CONVERSION = YES;
				CLANG_WARN_DEPRECATED_OBJC_IMPLEMENTATIONS = YES;
				CLANG_WARN_DIRECT_OBJC_ISA_USAGE = YES_ERROR;
				CLANG_WARN_DOCUMENTATION_COMMENTS = YES;
				CLANG_WARN_EMPTY_BODY = YES;
				CLANG_WARN_ENUM_CONVERSION = YES;
				CLANG_WARN_INFINITE_RECURSION = YES;
				CLANG_WARN_INT_CONVERSION = YES;
				CLANG_WARN_NON_LITERAL_NULL_CONVERSION = YES;
				CLANG_WARN_OBJC_IMPLICIT_RETAIN_SELF = YES;
				CLANG_WARN_OBJC_LITERAL_CONVERSION = YES;
				CLANG_WARN_OBJC_ROOT_CLASS = YES_ERROR;
				CLANG_WARN_QUOTED_INCLUDE_IN_FRAMEWORK_HEADER = YES;
				CLANG_WARN_RANGE_LOOP_ANALYSIS = YES;
				CLANG_WARN_STRICT_PROTOTYPES = YES;
				CLANG_WARN_SUSPICIOUS_MOVE = YES;
				CLANG_WARN_UNGUARDED_AVAILABILITY = YES_AGGRESSIVE;
				CLANG_WARN_UNREACHABLE_CODE = YES;
				CLANG_WARN__DUPLICATE_METHOD_MATCH = YES;
				COPY_PHASE_STRIP = NO;
				DEBUG_INFORMATION_FORMAT = dwarf;
				ENABLE_STRICT_OBJC_MSGSEND = YES;
				ENABLE_TESTABILITY = YES;
				ENABLE_USER_SCRIPT_SANDBOXING = YES;
				GCC_C_LANGUAGE_STANDARD = gnu17;
				GCC_DYNAMIC_NO_PIC = NO;
				GCC_NO_COMMON_BLOCKS = YES;
				GCC_OPTIMIZATION_LEVEL = 0;
				GCC_PREPROCESSOR_DEFINITIONS = (
					"DEBUG=1",
					"$(inherited)",
				);
				GCC_WARN_64_TO_32_BIT_CONVERSION = YES;
				GCC_WARN_ABOUT_RETURN_TYPE = YES_ERROR;
				GCC_WARN_UNDECLARED_SELECTOR = YES;
				GCC_WARN_UNINITIALIZED_AUTOS = YES_AGGRESSIVE;
				GCC_WARN_UNUSED_FUNCTION = YES;
				GCC_WARN_UNUSED_VARIABLE = YES;
				LOCALIZATION_PREFERS_STRING_CATALOGS = YES;
				MTL_ENABLE_DEBUG_INFO = INCLUDE_SOURCE;
				MTL_FAST_MATH = YES;
				ONLY_ACTIVE_ARCH = YES;
				SWIFT_ACTIVE_COMPILATION_CONDITIONS = "DEBUG $(inherited)";
				SWIFT_OPTIMIZATION_LEVEL = "-Onone";
			};
			name = Debug;
		};
		1BAD5CA22BD0258700EE69B5 /* Release */ = {
			isa = XCBuildConfiguration;
			buildSettings = {
				ALWAYS_SEARCH_USER_PATHS = NO;
				ASSETCATALOG_COMPILER_GENERATE_SWIFT_ASSET_SYMBOL_EXTENSIONS = YES;
				CLANG_ANALYZER_NONNULL = YES;
				CLANG_ANALYZER_NUMBER_OBJECT_CONVERSION = YES_AGGRESSIVE;
				CLANG_CXX_LANGUAGE_STANDARD = "gnu++20";
				CLANG_ENABLE_MODULES = YES;
				CLANG_ENABLE_OBJC_ARC = YES;
				CLANG_ENABLE_OBJC_WEAK = YES;
				CLANG_WARN_BLOCK_CAPTURE_AUTORELEASING = YES;
				CLANG_WARN_BOOL_CONVERSION = YES;
				CLANG_WARN_COMMA = YES;
				CLANG_WARN_CONSTANT_CONVERSION = YES;
				CLANG_WARN_DEPRECATED_OBJC_IMPLEMENTATIONS = YES;
				CLANG_WARN_DIRECT_OBJC_ISA_USAGE = YES_ERROR;
				CLANG_WARN_DOCUMENTATION_COMMENTS = YES;
				CLANG_WARN_EMPTY_BODY = YES;
				CLANG_WARN_ENUM_CONVERSION = YES;
				CLANG_WARN_INFINITE_RECURSION = YES;
				CLANG_WARN_INT_CONVERSION = YES;
				CLANG_WARN_NON_LITERAL_NULL_CONVERSION = YES;
				CLANG_WARN_OBJC_IMPLICIT_RETAIN_SELF = YES;
				CLANG_WARN_OBJC_LITERAL_CONVERSION = YES;
				CLANG_WARN_OBJC_ROOT_CLASS = YES_ERROR;
				CLANG_WARN_QUOTED_INCLUDE_IN_FRAMEWORK_HEADER = YES;
				CLANG_WARN_RANGE_LOOP_ANALYSIS = YES;
				CLANG_WARN_STRICT_PROTOTYPES = YES;
				CLANG_WARN_SUSPICIOUS_MOVE = YES;
				CLANG_WARN_UNGUARDED_AVAILABILITY = YES_AGGRESSIVE;
				CLANG_WARN_UNREACHABLE_CODE = YES;
				CLANG_WARN__DUPLICATE_METHOD_MATCH = YES;
				COPY_PHASE_STRIP = NO;
				DEBUG_INFORMATION_FORMAT = "dwarf-with-dsym";
				ENABLE_NS_ASSERTIONS = NO;
				ENABLE_STRICT_OBJC_MSGSEND = YES;
				ENABLE_USER_SCRIPT_SANDBOXING = YES;
				GCC_C_LANGUAGE_STANDARD = gnu17;
				GCC_NO_COMMON_BLOCKS = YES;
				GCC_WARN_64_TO_32_BIT_CONVERSION = YES;
				GCC_WARN_ABOUT_RETURN_TYPE = YES_ERROR;
				GCC_WARN_UNDECLARED_SELECTOR = YES;
				GCC_WARN_UNINITIALIZED_AUTOS = YES_AGGRESSIVE;
				GCC_WARN_UNUSED_FUNCTION = YES;
				GCC_WARN_UNUSED_VARIABLE = YES;
				LOCALIZATION_PREFERS_STRING_CATALOGS = YES;
				MTL_ENABLE_DEBUG_INFO = NO;
				MTL_FAST_MATH = YES;
				SWIFT_COMPILATION_MODE = wholemodule;
			};
			name = Release;
		};
		1BAD5CA42BD0258700EE69B5 /* Debug */ = {
			isa = XCBuildConfiguration;
			buildSettings = {
				CODE_SIGN_STYLE = Automatic;
				CURRENT_PROJECT_VERSION = 1;
				DEVELOPMENT_TEAM = 5PR7WC9NT3;
				GENERATE_INFOPLIST_FILE = YES;
				INFOPLIST_FILE = "iOS (Extension)/Info.plist";
				INFOPLIST_KEY_CFBundleDisplayName = "YTforVision Extension";
				INFOPLIST_KEY_NSHumanReadableCopyright = "";
				IPHONEOS_DEPLOYMENT_TARGET = 15.0;
				LD_RUNPATH_SEARCH_PATHS = (
					"$(inherited)",
					"@executable_path/Frameworks",
					"@executable_path/../../Frameworks",
				);
				MARKETING_VERSION = 1.0;
				OTHER_LDFLAGS = (
					"-framework",
					SafariServices,
				);
				PRODUCT_BUNDLE_IDENTIFIER = waka.YTforVision.Extension;
				PRODUCT_NAME = "YTforVision Extension";
				SDKROOT = iphoneos;
				SKIP_INSTALL = YES;
				SWIFT_EMIT_LOC_STRINGS = YES;
				SWIFT_VERSION = 5.0;
				TARGETED_DEVICE_FAMILY = "1,2";
			};
			name = Debug;
		};
		1BAD5CA52BD0258700EE69B5 /* Release */ = {
			isa = XCBuildConfiguration;
			buildSettings = {
				CODE_SIGN_STYLE = Automatic;
				CURRENT_PROJECT_VERSION = 1;
				DEVELOPMENT_TEAM = 5PR7WC9NT3;
				GENERATE_INFOPLIST_FILE = YES;
				INFOPLIST_FILE = "iOS (Extension)/Info.plist";
				INFOPLIST_KEY_CFBundleDisplayName = "YTforVision Extension";
				INFOPLIST_KEY_NSHumanReadableCopyright = "";
				IPHONEOS_DEPLOYMENT_TARGET = 15.0;
				LD_RUNPATH_SEARCH_PATHS = (
					"$(inherited)",
					"@executable_path/Frameworks",
					"@executable_path/../../Frameworks",
				);
				MARKETING_VERSION = 1.0;
				OTHER_LDFLAGS = (
					"-framework",
					SafariServices,
				);
				PRODUCT_BUNDLE_IDENTIFIER = waka.YTforVision.Extension;
				PRODUCT_NAME = "YTforVision Extension";
				SDKROOT = iphoneos;
				SKIP_INSTALL = YES;
				SWIFT_EMIT_LOC_STRINGS = YES;
				SWIFT_VERSION = 5.0;
				TARGETED_DEVICE_FAMILY = "1,2";
				VALIDATE_PRODUCT = YES;
			};
			name = Release;
		};
		1BAD5CA82BD0258700EE69B5 /* Debug */ = {
			isa = XCBuildConfiguration;
			buildSettings = {
				ALWAYS_EMBED_SWIFT_STANDARD_LIBRARIES = YES;
				ASSETCATALOG_COMPILER_APPICON_NAME = AppIcon;
				ASSETCATALOG_COMPILER_GLOBAL_ACCENT_COLOR_NAME = AccentColor;
				CODE_SIGN_STYLE = Automatic;
				CURRENT_PROJECT_VERSION = 1;
				DEVELOPMENT_TEAM = 5PR7WC9NT3;
				GENERATE_INFOPLIST_FILE = YES;
				INFOPLIST_FILE = "iOS (App)/Info.plist";
				INFOPLIST_KEY_CFBundleDisplayName = "YT Optimizer";
				INFOPLIST_KEY_LSApplicationCategoryType = "public.app-category.utilities";
				INFOPLIST_KEY_UIApplicationSupportsIndirectInputEvents = YES;
				INFOPLIST_KEY_UILaunchStoryboardName = LaunchScreen;
				INFOPLIST_KEY_UIMainStoryboardFile = Main;
				INFOPLIST_KEY_UISupportedInterfaceOrientations = "UIInterfaceOrientationPortrait UIInterfaceOrientationLandscapeLeft UIInterfaceOrientationLandscapeRight";
				INFOPLIST_KEY_UISupportedInterfaceOrientations_iPad = "UIInterfaceOrientationPortrait UIInterfaceOrientationPortraitUpsideDown UIInterfaceOrientationLandscapeLeft UIInterfaceOrientationLandscapeRight";
				IPHONEOS_DEPLOYMENT_TARGET = 15.0;
				LD_RUNPATH_SEARCH_PATHS = (
					"$(inherited)",
					"@executable_path/Frameworks",
				);
				MARKETING_VERSION = 1.6;
				OTHER_LDFLAGS = (
					"-framework",
					SafariServices,
					"-framework",
					WebKit,
				);
				PRODUCT_BUNDLE_IDENTIFIER = waka.YTforVision;
				PRODUCT_NAME = YTforVision;
				SDKROOT = iphoneos;
				SUPPORTED_PLATFORMS = "iphoneos iphonesimulator";
				SUPPORTS_MACCATALYST = NO;
				SWIFT_EMIT_LOC_STRINGS = YES;
				SWIFT_VERSION = 5.0;
				TARGETED_DEVICE_FAMILY = 2;
			};
			name = Debug;
		};
		1BAD5CA92BD0258700EE69B5 /* Release */ = {
			isa = XCBuildConfiguration;
			buildSettings = {
				ALWAYS_EMBED_SWIFT_STANDARD_LIBRARIES = YES;
				ASSETCATALOG_COMPILER_APPICON_NAME = AppIcon;
				ASSETCATALOG_COMPILER_GLOBAL_ACCENT_COLOR_NAME = AccentColor;
				CODE_SIGN_STYLE = Automatic;
				CURRENT_PROJECT_VERSION = 1;
				DEVELOPMENT_TEAM = 5PR7WC9NT3;
				GENERATE_INFOPLIST_FILE = YES;
				INFOPLIST_FILE = "iOS (App)/Info.plist";
				INFOPLIST_KEY_CFBundleDisplayName = "YT Optimizer";
				INFOPLIST_KEY_LSApplicationCategoryType = "public.app-category.utilities";
				INFOPLIST_KEY_UIApplicationSupportsIndirectInputEvents = YES;
				INFOPLIST_KEY_UILaunchStoryboardName = LaunchScreen;
				INFOPLIST_KEY_UIMainStoryboardFile = Main;
				INFOPLIST_KEY_UISupportedInterfaceOrientations = "UIInterfaceOrientationPortrait UIInterfaceOrientationLandscapeLeft UIInterfaceOrientationLandscapeRight";
				INFOPLIST_KEY_UISupportedInterfaceOrientations_iPad = "UIInterfaceOrientationPortrait UIInterfaceOrientationPortraitUpsideDown UIInterfaceOrientationLandscapeLeft UIInterfaceOrientationLandscapeRight";
				IPHONEOS_DEPLOYMENT_TARGET = 15.0;
				LD_RUNPATH_SEARCH_PATHS = (
					"$(inherited)",
					"@executable_path/Frameworks",
				);
				MARKETING_VERSION = 1.6;
				OTHER_LDFLAGS = (
					"-framework",
					SafariServices,
					"-framework",
					WebKit,
				);
				PRODUCT_BUNDLE_IDENTIFIER = waka.YTforVision;
				PRODUCT_NAME = YTforVision;
				SDKROOT = iphoneos;
				SUPPORTED_PLATFORMS = "iphoneos iphonesimulator";
				SUPPORTS_MACCATALYST = NO;
				SWIFT_EMIT_LOC_STRINGS = YES;
				SWIFT_VERSION = 5.0;
				TARGETED_DEVICE_FAMILY = 2;
				VALIDATE_PRODUCT = YES;
			};
			name = Release;
		};
		1BAD5CAB2BD0258700EE69B5 /* Debug */ = {
			isa = XCBuildConfiguration;
			buildSettings = {
				CODE_SIGN_ENTITLEMENTS = "macOS (Extension)/YTforVision.entitlements";
				CODE_SIGN_STYLE = Automatic;
				CURRENT_PROJECT_VERSION = 1;
				DEVELOPMENT_TEAM = 5PR7WC9NT3;
				ENABLE_HARDENED_RUNTIME = YES;
				GENERATE_INFOPLIST_FILE = YES;
				INFOPLIST_FILE = "macOS (Extension)/Info.plist";
				INFOPLIST_KEY_CFBundleDisplayName = "YTforVision Extension";
				INFOPLIST_KEY_NSHumanReadableCopyright = "";
				LD_RUNPATH_SEARCH_PATHS = (
					"$(inherited)",
					"@executable_path/../Frameworks",
					"@executable_path/../../../../Frameworks",
				);
				MACOSX_DEPLOYMENT_TARGET = 10.14;
				MARKETING_VERSION = 1.0;
				OTHER_LDFLAGS = (
					"-framework",
					SafariServices,
				);
				PRODUCT_BUNDLE_IDENTIFIER = waka.YTforVision.Extension;
				PRODUCT_NAME = "YTforVision Extension";
				SDKROOT = macosx;
				SKIP_INSTALL = YES;
				SWIFT_EMIT_LOC_STRINGS = YES;
				SWIFT_VERSION = 5.0;
			};
			name = Debug;
		};
		1BAD5CAC2BD0258700EE69B5 /* Release */ = {
			isa = XCBuildConfiguration;
			buildSettings = {
				CODE_SIGN_ENTITLEMENTS = "macOS (Extension)/YTforVision.entitlements";
				CODE_SIGN_STYLE = Automatic;
				CURRENT_PROJECT_VERSION = 1;
				DEVELOPMENT_TEAM = 5PR7WC9NT3;
				ENABLE_HARDENED_RUNTIME = YES;
				GENERATE_INFOPLIST_FILE = YES;
				INFOPLIST_FILE = "macOS (Extension)/Info.plist";
				INFOPLIST_KEY_CFBundleDisplayName = "YTforVision Extension";
				INFOPLIST_KEY_NSHumanReadableCopyright = "";
				LD_RUNPATH_SEARCH_PATHS = (
					"$(inherited)",
					"@executable_path/../Frameworks",
					"@executable_path/../../../../Frameworks",
				);
				MACOSX_DEPLOYMENT_TARGET = 10.14;
				MARKETING_VERSION = 1.0;
				OTHER_LDFLAGS = (
					"-framework",
					SafariServices,
				);
				PRODUCT_BUNDLE_IDENTIFIER = waka.YTforVision.Extension;
				PRODUCT_NAME = "YTforVision Extension";
				SDKROOT = macosx;
				SKIP_INSTALL = YES;
				SWIFT_EMIT_LOC_STRINGS = YES;
				SWIFT_VERSION = 5.0;
			};
			name = Release;
		};
		1BAD5CAF2BD0258700EE69B5 /* Debug */ = {
			isa = XCBuildConfiguration;
			buildSettings = {
				ALWAYS_EMBED_SWIFT_STANDARD_LIBRARIES = YES;
				ASSETCATALOG_COMPILER_APPICON_NAME = AppIcon;
				ASSETCATALOG_COMPILER_GLOBAL_ACCENT_COLOR_NAME = AccentColor;
				CODE_SIGN_ENTITLEMENTS = "macOS (App)/YTforVision.entitlements";
				CODE_SIGN_STYLE = Automatic;
				CURRENT_PROJECT_VERSION = 1;
				DEVELOPMENT_TEAM = 5PR7WC9NT3;
				ENABLE_HARDENED_RUNTIME = YES;
				GENERATE_INFOPLIST_FILE = YES;
				INFOPLIST_KEY_CFBundleDisplayName = YTforVision;
				INFOPLIST_KEY_NSMainStoryboardFile = Main;
				INFOPLIST_KEY_NSPrincipalClass = NSApplication;
				LD_RUNPATH_SEARCH_PATHS = (
					"$(inherited)",
					"@executable_path/../Frameworks",
				);
				MACOSX_DEPLOYMENT_TARGET = 10.14;
				MARKETING_VERSION = 1.0;
				OTHER_LDFLAGS = (
					"-framework",
					SafariServices,
					"-framework",
					WebKit,
				);
				PRODUCT_BUNDLE_IDENTIFIER = waka.YTforVision;
				PRODUCT_NAME = YTforVision;
				SDKROOT = macosx;
				SWIFT_EMIT_LOC_STRINGS = YES;
				SWIFT_VERSION = 5.0;
			};
			name = Debug;
		};
		1BAD5CB02BD0258700EE69B5 /* Release */ = {
			isa = XCBuildConfiguration;
			buildSettings = {
				ALWAYS_EMBED_SWIFT_STANDARD_LIBRARIES = YES;
				ASSETCATALOG_COMPILER_APPICON_NAME = AppIcon;
				ASSETCATALOG_COMPILER_GLOBAL_ACCENT_COLOR_NAME = AccentColor;
				CODE_SIGN_ENTITLEMENTS = "macOS (App)/YTforVision.entitlements";
				CODE_SIGN_STYLE = Automatic;
				CURRENT_PROJECT_VERSION = 1;
				DEVELOPMENT_TEAM = 5PR7WC9NT3;
				ENABLE_HARDENED_RUNTIME = YES;
				GENERATE_INFOPLIST_FILE = YES;
				INFOPLIST_KEY_CFBundleDisplayName = YTforVision;
				INFOPLIST_KEY_NSMainStoryboardFile = Main;
				INFOPLIST_KEY_NSPrincipalClass = NSApplication;
				LD_RUNPATH_SEARCH_PATHS = (
					"$(inherited)",
					"@executable_path/../Frameworks",
				);
				MACOSX_DEPLOYMENT_TARGET = 10.14;
				MARKETING_VERSION = 1.0;
				OTHER_LDFLAGS = (
					"-framework",
					SafariServices,
					"-framework",
					WebKit,
				);
				PRODUCT_BUNDLE_IDENTIFIER = waka.YTforVision;
				PRODUCT_NAME = YTforVision;
				SDKROOT = macosx;
				SWIFT_EMIT_LOC_STRINGS = YES;
				SWIFT_VERSION = 5.0;
			};
			name = Release;
		};
/* End XCBuildConfiguration section */

/* Begin XCConfigurationList section */
		1BAD5C3B2BD0258500EE69B5 /* Build configuration list for PBXProject "YTforVision" */ = {
			isa = XCConfigurationList;
			buildConfigurations = (
				1BAD5CA12BD0258700EE69B5 /* Debug */,
				1BAD5CA22BD0258700EE69B5 /* Release */,
			);
			defaultConfigurationIsVisible = 0;
			defaultConfigurationName = Release;
		};
		1BAD5CA32BD0258700EE69B5 /* Build configuration list for PBXNativeTarget "YTforVision Extension (iOS)" */ = {
			isa = XCConfigurationList;
			buildConfigurations = (
				1BAD5CA42BD0258700EE69B5 /* Debug */,
				1BAD5CA52BD0258700EE69B5 /* Release */,
			);
			defaultConfigurationIsVisible = 0;
			defaultConfigurationName = Release;
		};
		1BAD5CA72BD0258700EE69B5 /* Build configuration list for PBXNativeTarget "YTforVision (iOS)" */ = {
			isa = XCConfigurationList;
			buildConfigurations = (
				1BAD5CA82BD0258700EE69B5 /* Debug */,
				1BAD5CA92BD0258700EE69B5 /* Release */,
			);
			defaultConfigurationIsVisible = 0;
			defaultConfigurationName = Release;
		};
		1BAD5CAA2BD0258700EE69B5 /* Build configuration list for PBXNativeTarget "YTforVision Extension (macOS)" */ = {
			isa = XCConfigurationList;
			buildConfigurations = (
				1BAD5CAB2BD0258700EE69B5 /* Debug */,
				1BAD5CAC2BD0258700EE69B5 /* Release */,
			);
			defaultConfigurationIsVisible = 0;
			defaultConfigurationName = Release;
		};
		1BAD5CAE2BD0258700EE69B5 /* Build configuration list for PBXNativeTarget "YTforVision (macOS)" */ = {
			isa = XCConfigurationList;
			buildConfigurations = (
				1BAD5CAF2BD0258700EE69B5 /* Debug */,
				1BAD5CB02BD0258700EE69B5 /* Release */,
			);
			defaultConfigurationIsVisible = 0;
			defaultConfigurationName = Release;
		};
/* End XCConfigurationList section */
	};
	rootObject = 1BAD5C382BD0258500EE69B5 /* Project object */;
}
